PODS:
  - Alamofire (5.7.1)
  - SDWebImage (5.15.7):
    - SDWebImage/Core (= 5.15.7)
  - SDWebImage/Core (5.15.7)

DEPENDENCIES:
  - Alamofire
  - SDWebImage

SPEC REPOS:
  trunk:
    - Alamofire
    - SDWebImage

SPEC CHECKSUMS:
  Alamofire: 0123a34370cb170936ae79a8df46cc62b2edeb88
  SDWebImage: 25bac438318faf37e35650619ebc288a9061d292

PODFILE CHECKSUM: 96d231390f7e59d8a29090404b37e6b9568892b0

COCOAPODS: 1.12.1
