// !$*UTF8*$!
{
	archiveVersion = 1;
	classes = {
	};
	objectVersion = 56;
	objects = {

/* Begin PBXBuildFile section */
		302D7B0E2A266C4600C726F4 /* AppDelegate.swift in Sources */ = {isa = PBXBuildFile; fileRef = 302D7B0D2A266C4600C726F4 /* AppDelegate.swift */; };
		302D7B102A266C4600C726F4 /* SceneDelegate.swift in Sources */ = {isa = PBXBuildFile; fileRef = 302D7B0F2A266C4600C726F4 /* SceneDelegate.swift */; };
		302D7B122A266C4600C726F4 /* ViewController.swift in Sources */ = {isa = PBXBuildFile; fileRef = 302D7B112A266C4600C726F4 /* ViewController.swift */; };
		302D7B172A266C4700C726F4 /* Assets.xcassets in Resources */ = {isa = PBXBuildFile; fileRef = 302D7B162A266C4700C726F4 /* Assets.xcassets */; };
		302D7B1A2A266C4700C726F4 /* LaunchScreen.storyboard in Resources */ = {isa = PBXBuildFile; fileRef = 302D7B182A266C4700C726F4 /* LaunchScreen.storyboard */; };
		302D7B252A266C4700C726F4 /* DesafioKabumTests.swift in Sources */ = {isa = PBXBuildFile; fileRef = 302D7B242A266C4700C726F4 /* DesafioKabumTests.swift */; };
		302D7B2F2A266C4800C726F4 /* DesafioKabumUITests.swift in Sources */ = {isa = PBXBuildFile; fileRef = 302D7B2E2A266C4800C726F4 /* DesafioKabumUITests.swift */; };
		302D7B312A266C4800C726F4 /* DesafioKabumUITestsLaunchTests.swift in Sources */ = {isa = PBXBuildFile; fileRef = 302D7B302A266C4800C726F4 /* DesafioKabumUITestsLaunchTests.swift */; };
		302D7B3E2A268E7000C726F4 /* CallerProtocols.swift in Sources */ = {isa = PBXBuildFile; fileRef = 302D7B3D2A268E7000C726F4 /* CallerProtocols.swift */; };
		302D7B462A2690B600C726F4 /* ListCaller.swift in Sources */ = {isa = PBXBuildFile; fileRef = 302D7B452A2690B600C726F4 /* ListCaller.swift */; };
		302D7B482A269BF400C726F4 /* Produto.json in Resources */ = {isa = PBXBuildFile; fileRef = 302D7B472A269BF300C726F4 /* Produto.json */; };
		302D7B4B2A26A0CF00C726F4 /* ProductModel.swift in Sources */ = {isa = PBXBuildFile; fileRef = 302D7B4A2A26A0CF00C726F4 /* ProductModel.swift */; };
		302D7B4D2A26A54000C726F4 /* ProductListModel.swift in Sources */ = {isa = PBXBuildFile; fileRef = 302D7B4C2A26A54000C726F4 /* ProductListModel.swift */; };
		302D7B4F2A26F8B200C726F4 /* CellsProtocols.swift in Sources */ = {isa = PBXBuildFile; fileRef = 302D7B4E2A26F8B200C726F4 /* CellsProtocols.swift */; };
		302D7B552A26FA5100C726F4 /* ProductCollectionCell.swift in Sources */ = {isa = PBXBuildFile; fileRef = 302D7B542A26FA5100C726F4 /* ProductCollectionCell.swift */; };
		302D7B582A26FB7100C726F4 /* ColorHandler.swift in Sources */ = {isa = PBXBuildFile; fileRef = 302D7B572A26FB7000C726F4 /* ColorHandler.swift */; };
		302D7B5A2A26FBD100C726F4 /* ProductsFlowLayout.swift in Sources */ = {isa = PBXBuildFile; fileRef = 302D7B592A26FBD100C726F4 /* ProductsFlowLayout.swift */; };
		302D7B5E2A26FD2700C726F4 /* ListCollectionViewDatasource.swift in Sources */ = {isa = PBXBuildFile; fileRef = 302D7B5D2A26FD2700C726F4 /* ListCollectionViewDatasource.swift */; };
		302D7B602A27A16200C726F4 /* IndicatorCollectionFooterView.swift in Sources */ = {isa = PBXBuildFile; fileRef = 302D7B5F2A27A16200C726F4 /* IndicatorCollectionFooterView.swift */; };
		302D7B622A27CEF400C726F4 /* ActivityProtocol.swift in Sources */ = {isa = PBXBuildFile; fileRef = 302D7B612A27CEF400C726F4 /* ActivityProtocol.swift */; };
		302D7B642A27EED000C726F4 /* CellViewModel.swift in Sources */ = {isa = PBXBuildFile; fileRef = 302D7B632A27EED000C726F4 /* CellViewModel.swift */; };
		3086E7852A28354500B95F17 /* ErrorView.swift in Sources */ = {isa = PBXBuildFile; fileRef = 3086E7842A28354500B95F17 /* ErrorView.swift */; };
		30CFD1092A54899D0018EE86 /* PdfHandler.swift in Sources */ = {isa = PBXBuildFile; fileRef = 30CFD1082A54899D0018EE86 /* PdfHandler.swift */; };
		30CFD10B2A5490970018EE86 /* PdfPreviewController.swift in Sources */ = {isa = PBXBuildFile; fileRef = 30CFD10A2A5490970018EE86 /* PdfPreviewController.swift */; };
		3605538E2BD68039FE23E184 /* libPods-DesafioKabumTests.a in Frameworks */ = {isa = PBXBuildFile; fileRef = 68B93C8C57E8D438695CFFDB /* libPods-DesafioKabumTests.a */; };
		5A7784013440673C676659F2 /* libPods-DesafioKabum.a in Frameworks */ = {isa = PBXBuildFile; fileRef = 2C1EDE4A4B872C1C5F5F4506 /* libPods-DesafioKabum.a */; };
/* End PBXBuildFile section */

/* Begin PBXContainerItemProxy section */
		302D7B212A266C4700C726F4 /* PBXContainerItemProxy */ = {
			isa = PBXContainerItemProxy;
			containerPortal = 302D7B022A266C4500C726F4 /* Project object */;
			proxyType = 1;
			remoteGlobalIDString = 302D7B092A266C4600C726F4;
			remoteInfo = DesafioKabum;
		};
		302D7B2B2A266C4700C726F4 /* PBXContainerItemProxy */ = {
			isa = PBXContainerItemProxy;
			containerPortal = 302D7B022A266C4500C726F4 /* Project object */;
			proxyType = 1;
			remoteGlobalIDString = 302D7B092A266C4600C726F4;
			remoteInfo = DesafioKabum;
		};
/* End PBXContainerItemProxy section */

/* Begin PBXFileReference section */
		22BCB7B22659CF4FBEB87533 /* Pods-DesafioKabumTests.release.xcconfig */ = {isa = PBXFileReference; includeInIndex = 1; lastKnownFileType = text.xcconfig; name = "Pods-DesafioKabumTests.release.xcconfig"; path = "Target Support Files/Pods-DesafioKabumTests/Pods-DesafioKabumTests.release.xcconfig"; sourceTree = "<group>"; };
		2C1EDE4A4B872C1C5F5F4506 /* libPods-DesafioKabum.a */ = {isa = PBXFileReference; explicitFileType = archive.ar; includeInIndex = 0; path = "libPods-DesafioKabum.a"; sourceTree = BUILT_PRODUCTS_DIR; };
		302D7B0A2A266C4600C726F4 /* DesafioKabum.app */ = {isa = PBXFileReference; explicitFileType = wrapper.application; includeInIndex = 0; path = DesafioKabum.app; sourceTree = BUILT_PRODUCTS_DIR; };
		302D7B0D2A266C4600C726F4 /* AppDelegate.swift */ = {isa = PBXFileReference; lastKnownFileType = sourcecode.swift; path = AppDelegate.swift; sourceTree = "<group>"; };
		302D7B0F2A266C4600C726F4 /* SceneDelegate.swift */ = {isa = PBXFileReference; lastKnownFileType = sourcecode.swift; path = SceneDelegate.swift; sourceTree = "<group>"; };
		302D7B112A266C4600C726F4 /* ViewController.swift */ = {isa = PBXFileReference; lastKnownFileType = sourcecode.swift; path = ViewController.swift; sourceTree = "<group>"; };
		302D7B162A266C4700C726F4 /* Assets.xcassets */ = {isa = PBXFileReference; lastKnownFileType = folder.assetcatalog; path = Assets.xcassets; sourceTree = "<group>"; };
		302D7B192A266C4700C726F4 /* Base */ = {isa = PBXFileReference; lastKnownFileType = file.storyboard; name = Base; path = Base.lproj/LaunchScreen.storyboard; sourceTree = "<group>"; };
		302D7B1B2A266C4700C726F4 /* Info.plist */ = {isa = PBXFileReference; lastKnownFileType = text.plist.xml; path = Info.plist; sourceTree = "<group>"; };
		302D7B202A266C4700C726F4 /* DesafioKabumTests.xctest */ = {isa = PBXFileReference; explicitFileType = wrapper.cfbundle; includeInIndex = 0; path = DesafioKabumTests.xctest; sourceTree = BUILT_PRODUCTS_DIR; };
		302D7B242A266C4700C726F4 /* DesafioKabumTests.swift */ = {isa = PBXFileReference; lastKnownFileType = sourcecode.swift; path = DesafioKabumTests.swift; sourceTree = "<group>"; };
		302D7B2A2A266C4700C726F4 /* DesafioKabumUITests.xctest */ = {isa = PBXFileReference; explicitFileType = wrapper.cfbundle; includeInIndex = 0; path = DesafioKabumUITests.xctest; sourceTree = BUILT_PRODUCTS_DIR; };
		302D7B2E2A266C4800C726F4 /* DesafioKabumUITests.swift */ = {isa = PBXFileReference; lastKnownFileType = sourcecode.swift; path = DesafioKabumUITests.swift; sourceTree = "<group>"; };
		302D7B302A266C4800C726F4 /* DesafioKabumUITestsLaunchTests.swift */ = {isa = PBXFileReference; lastKnownFileType = sourcecode.swift; path = DesafioKabumUITestsLaunchTests.swift; sourceTree = "<group>"; };
		302D7B3D2A268E7000C726F4 /* CallerProtocols.swift */ = {isa = PBXFileReference; fileEncoding = 4; lastKnownFileType = sourcecode.swift; path = CallerProtocols.swift; sourceTree = "<group>"; };
		302D7B452A2690B600C726F4 /* ListCaller.swift */ = {isa = PBXFileReference; lastKnownFileType = sourcecode.swift; path = ListCaller.swift; sourceTree = "<group>"; };
		302D7B472A269BF300C726F4 /* Produto.json */ = {isa = PBXFileReference; lastKnownFileType = text.json; path = Produto.json; sourceTree = "<group>"; };
		302D7B4A2A26A0CF00C726F4 /* ProductModel.swift */ = {isa = PBXFileReference; lastKnownFileType = sourcecode.swift; path = ProductModel.swift; sourceTree = "<group>"; };
		302D7B4C2A26A54000C726F4 /* ProductListModel.swift */ = {isa = PBXFileReference; lastKnownFileType = sourcecode.swift; path = ProductListModel.swift; sourceTree = "<group>"; };
		302D7B4E2A26F8B200C726F4 /* CellsProtocols.swift */ = {isa = PBXFileReference; fileEncoding = 4; lastKnownFileType = sourcecode.swift; path = CellsProtocols.swift; sourceTree = "<group>"; };
		302D7B542A26FA5100C726F4 /* ProductCollectionCell.swift */ = {isa = PBXFileReference; fileEncoding = 4; lastKnownFileType = sourcecode.swift; path = ProductCollectionCell.swift; sourceTree = "<group>"; };
		302D7B572A26FB7000C726F4 /* ColorHandler.swift */ = {isa = PBXFileReference; lastKnownFileType = sourcecode.swift; path = ColorHandler.swift; sourceTree = "<group>"; };
		302D7B592A26FBD100C726F4 /* ProductsFlowLayout.swift */ = {isa = PBXFileReference; fileEncoding = 4; lastKnownFileType = sourcecode.swift; path = ProductsFlowLayout.swift; sourceTree = "<group>"; };
		302D7B5D2A26FD2700C726F4 /* ListCollectionViewDatasource.swift */ = {isa = PBXFileReference; lastKnownFileType = sourcecode.swift; path = ListCollectionViewDatasource.swift; sourceTree = "<group>"; };
		302D7B5F2A27A16200C726F4 /* IndicatorCollectionFooterView.swift */ = {isa = PBXFileReference; lastKnownFileType = sourcecode.swift; path = IndicatorCollectionFooterView.swift; sourceTree = "<group>"; };
		302D7B612A27CEF400C726F4 /* ActivityProtocol.swift */ = {isa = PBXFileReference; lastKnownFileType = sourcecode.swift; path = ActivityProtocol.swift; sourceTree = "<group>"; };
		302D7B632A27EED000C726F4 /* CellViewModel.swift */ = {isa = PBXFileReference; lastKnownFileType = sourcecode.swift; path = CellViewModel.swift; sourceTree = "<group>"; };
		3086E7842A28354500B95F17 /* ErrorView.swift */ = {isa = PBXFileReference; lastKnownFileType = sourcecode.swift; path = ErrorView.swift; sourceTree = "<group>"; };
		30CFD1082A54899D0018EE86 /* PdfHandler.swift */ = {isa = PBXFileReference; lastKnownFileType = sourcecode.swift; path = PdfHandler.swift; sourceTree = "<group>"; };
		30CFD10A2A5490970018EE86 /* PdfPreviewController.swift */ = {isa = PBXFileReference; lastKnownFileType = sourcecode.swift; path = PdfPreviewController.swift; sourceTree = "<group>"; };
		5E6466824907B1C9690AC17F /* Pods-DesafioKabum.release.xcconfig */ = {isa = PBXFileReference; includeInIndex = 1; lastKnownFileType = text.xcconfig; name = "Pods-DesafioKabum.release.xcconfig"; path = "Target Support Files/Pods-DesafioKabum/Pods-DesafioKabum.release.xcconfig"; sourceTree = "<group>"; };
		68B93C8C57E8D438695CFFDB /* libPods-DesafioKabumTests.a */ = {isa = PBXFileReference; explicitFileType = archive.ar; includeInIndex = 0; path = "libPods-DesafioKabumTests.a"; sourceTree = BUILT_PRODUCTS_DIR; };
		A71EC0252D5F433CE95DB2A4 /* Pods-DesafioKabum.debug.xcconfig */ = {isa = PBXFileReference; includeInIndex = 1; lastKnownFileType = text.xcconfig; name = "Pods-DesafioKabum.debug.xcconfig"; path = "Target Support Files/Pods-DesafioKabum/Pods-DesafioKabum.debug.xcconfig"; sourceTree = "<group>"; };
		B1EBC1E201885F89AEDFF83F /* Pods-DesafioKabumTests.debug.xcconfig */ = {isa = PBXFileReference; includeInIndex = 1; lastKnownFileType = text.xcconfig; name = "Pods-DesafioKabumTests.debug.xcconfig"; path = "Target Support Files/Pods-DesafioKabumTests/Pods-DesafioKabumTests.debug.xcconfig"; sourceTree = "<group>"; };
/* End PBXFileReference section */

/* Begin PBXFrameworksBuildPhase section */
		302D7B072A266C4600C726F4 /* Frameworks */ = {
			isa = PBXFrameworksBuildPhase;
			buildActionMask = 2147483647;
			files = (
				5A7784013440673C676659F2 /* libPods-DesafioKabum.a in Frameworks */,
			);
			runOnlyForDeploymentPostprocessing = 0;
		};
		302D7B1D2A266C4700C726F4 /* Frameworks */ = {
			isa = PBXFrameworksBuildPhase;
			buildActionMask = 2147483647;
			files = (
				3605538E2BD68039FE23E184 /* libPods-DesafioKabumTests.a in Frameworks */,
			);
			runOnlyForDeploymentPostprocessing = 0;
		};
		302D7B272A266C4700C726F4 /* Frameworks */ = {
			isa = PBXFrameworksBuildPhase;
			buildActionMask = 2147483647;
			files = (
			);
			runOnlyForDeploymentPostprocessing = 0;
		};
/* End PBXFrameworksBuildPhase section */

/* Begin PBXGroup section */
		2F3A2AB20A5C4480C51BB1AF /* Frameworks */ = {
			isa = PBXGroup;
			children = (
				2C1EDE4A4B872C1C5F5F4506 /* libPods-DesafioKabum.a */,
				68B93C8C57E8D438695CFFDB /* libPods-DesafioKabumTests.a */,
			);
			name = Frameworks;
			sourceTree = "<group>";
		};
		302D7B012A266C4500C726F4 = {
			isa = PBXGroup;
			children = (
				302D7B0C2A266C4600C726F4 /* DesafioKabum */,
				302D7B232A266C4700C726F4 /* DesafioKabumTests */,
				302D7B2D2A266C4800C726F4 /* DesafioKabumUITests */,
				302D7B0B2A266C4600C726F4 /* Products */,
				F5499F3BC34CCB0C468041F0 /* Pods */,
				2F3A2AB20A5C4480C51BB1AF /* Frameworks */,
			);
			sourceTree = "<group>";
		};
		302D7B0B2A266C4600C726F4 /* Products */ = {
			isa = PBXGroup;
			children = (
				302D7B0A2A266C4600C726F4 /* DesafioKabum.app */,
				302D7B202A266C4700C726F4 /* DesafioKabumTests.xctest */,
				302D7B2A2A266C4700C726F4 /* DesafioKabumUITests.xctest */,
			);
			name = Products;
			sourceTree = "<group>";
		};
		302D7B0C2A266C4600C726F4 /* DesafioKabum */ = {
			isa = PBXGroup;
			children = (
				302D7B442A26909600C726F4 /* Callers */,
				302D7B432A268ED200C726F4 /* ViewModels */,
				302D7B422A268EBF00C726F4 /* Models */,
				302D7B412A268EAF00C726F4 /* Views */,
				302D7B402A268E9D00C726F4 /* Controllers */,
				302D7B3F2A268E8300C726F4 /* Protocols */,
				302D7B0D2A266C4600C726F4 /* AppDelegate.swift */,
				302D7B0F2A266C4600C726F4 /* SceneDelegate.swift */,
				302D7B162A266C4700C726F4 /* Assets.xcassets */,
				302D7B182A266C4700C726F4 /* LaunchScreen.storyboard */,
				302D7B1B2A266C4700C726F4 /* Info.plist */,
			);
			path = DesafioKabum;
			sourceTree = "<group>";
		};
		302D7B232A266C4700C726F4 /* DesafioKabumTests */ = {
			isa = PBXGroup;
			children = (
				302D7B242A266C4700C726F4 /* DesafioKabumTests.swift */,
			);
			path = DesafioKabumTests;
			sourceTree = "<group>";
		};
		302D7B2D2A266C4800C726F4 /* DesafioKabumUITests */ = {
			isa = PBXGroup;
			children = (
				302D7B2E2A266C4800C726F4 /* DesafioKabumUITests.swift */,
				302D7B302A266C4800C726F4 /* DesafioKabumUITestsLaunchTests.swift */,
			);
			path = DesafioKabumUITests;
			sourceTree = "<group>";
		};
		302D7B3F2A268E8300C726F4 /* Protocols */ = {
			isa = PBXGroup;
			children = (
				302D7B4E2A26F8B200C726F4 /* CellsProtocols.swift */,
				302D7B3D2A268E7000C726F4 /* CallerProtocols.swift */,
				302D7B612A27CEF400C726F4 /* ActivityProtocol.swift */,
			);
			path = Protocols;
			sourceTree = "<group>";
		};
		302D7B402A268E9D00C726F4 /* Controllers */ = {
			isa = PBXGroup;
			children = (
				302D7B5C2A26FCBE00C726F4 /* CollectionViewDatasource */,
				302D7B5B2A26FBE200C726F4 /* Layout */,
				302D7B112A266C4600C726F4 /* ViewController.swift */,
				30CFD1082A54899D0018EE86 /* PdfHandler.swift */,
				30CFD10A2A5490970018EE86 /* PdfPreviewController.swift */,
			);
			path = Controllers;
			sourceTree = "<group>";
		};
		302D7B412A268EAF00C726F4 /* Views */ = {
			isa = PBXGroup;
			children = (
				302D7B562A26FB4A00C726F4 /* Handlers */,
				302D7B542A26FA5100C726F4 /* ProductCollectionCell.swift */,
				302D7B5F2A27A16200C726F4 /* IndicatorCollectionFooterView.swift */,
				3086E7842A28354500B95F17 /* ErrorView.swift */,
			);
			path = Views;
			sourceTree = "<group>";
		};
		302D7B422A268EBF00C726F4 /* Models */ = {
			isa = PBXGroup;
			children = (
				302D7B492A26A0A100C726F4 /* Jsons */,
				302D7B4A2A26A0CF00C726F4 /* ProductModel.swift */,
				302D7B4C2A26A54000C726F4 /* ProductListModel.swift */,
			);
			path = Models;
			sourceTree = "<group>";
		};
		302D7B432A268ED200C726F4 /* ViewModels */ = {
			isa = PBXGroup;
			children = (
				302D7B632A27EED000C726F4 /* CellViewModel.swift */,
			);
			path = ViewModels;
			sourceTree = "<group>";
		};
		302D7B442A26909600C726F4 /* Callers */ = {
			isa = PBXGroup;
			children = (
				302D7B452A2690B600C726F4 /* ListCaller.swift */,
			);
			path = Callers;
			sourceTree = "<group>";
		};
		302D7B492A26A0A100C726F4 /* Jsons */ = {
			isa = PBXGroup;
			children = (
				302D7B472A269BF300C726F4 /* Produto.json */,
			);
			path = Jsons;
			sourceTree = "<group>";
		};
		302D7B562A26FB4A00C726F4 /* Handlers */ = {
			isa = PBXGroup;
			children = (
				302D7B572A26FB7000C726F4 /* ColorHandler.swift */,
			);
			path = Handlers;
			sourceTree = "<group>";
		};
		302D7B5B2A26FBE200C726F4 /* Layout */ = {
			isa = PBXGroup;
			children = (
				302D7B592A26FBD100C726F4 /* ProductsFlowLayout.swift */,
			);
			path = Layout;
			sourceTree = "<group>";
		};
		302D7B5C2A26FCBE00C726F4 /* CollectionViewDatasource */ = {
			isa = PBXGroup;
			children = (
				302D7B5D2A26FD2700C726F4 /* ListCollectionViewDatasource.swift */,
			);
			path = CollectionViewDatasource;
			sourceTree = "<group>";
		};
		F5499F3BC34CCB0C468041F0 /* Pods */ = {
			isa = PBXGroup;
			children = (
				A71EC0252D5F433CE95DB2A4 /* Pods-DesafioKabum.debug.xcconfig */,
				5E6466824907B1C9690AC17F /* Pods-DesafioKabum.release.xcconfig */,
				B1EBC1E201885F89AEDFF83F /* Pods-DesafioKabumTests.debug.xcconfig */,
				22BCB7B22659CF4FBEB87533 /* Pods-DesafioKabumTests.release.xcconfig */,
			);
			path = Pods;
			sourceTree = "<group>";
		};
/* End PBXGroup section */

/* Begin PBXNativeTarget section */
		302D7B092A266C4600C726F4 /* DesafioKabum */ = {
			isa = PBXNativeTarget;
			buildConfigurationList = 302D7B342A266C4800C726F4 /* Build configuration list for PBXNativeTarget "DesafioKabum" */;
			buildPhases = (
				986702E47F93F3597AD2E902 /* [CP] Check Pods Manifest.lock */,
				302D7B062A266C4600C726F4 /* Sources */,
				302D7B072A266C4600C726F4 /* Frameworks */,
				302D7B082A266C4600C726F4 /* Resources */,
			);
			buildRules = (
			);
			dependencies = (
			);
			name = DesafioKabum;
			productName = DesafioKabum;
			productReference = 302D7B0A2A266C4600C726F4 /* DesafioKabum.app */;
			productType = "com.apple.product-type.application";
		};
		302D7B1F2A266C4700C726F4 /* DesafioKabumTests */ = {
			isa = PBXNativeTarget;
			buildConfigurationList = 302D7B372A266C4800C726F4 /* Build configuration list for PBXNativeTarget "DesafioKabumTests" */;
			buildPhases = (
				12D5BF7F045F41E7159C23AF /* [CP] Check Pods Manifest.lock */,
				302D7B1C2A266C4700C726F4 /* Sources */,
				302D7B1D2A266C4700C726F4 /* Frameworks */,
				302D7B1E2A266C4700C726F4 /* Resources */,
			);
			buildRules = (
			);
			dependencies = (
				302D7B222A266C4700C726F4 /* PBXTargetDependency */,
			);
			name = DesafioKabumTests;
			productName = DesafioKabumTests;
			productReference = 302D7B202A266C4700C726F4 /* DesafioKabumTests.xctest */;
			productType = "com.apple.product-type.bundle.unit-test";
		};
		302D7B292A266C4700C726F4 /* DesafioKabumUITests */ = {
			isa = PBXNativeTarget;
			buildConfigurationList = 302D7B3A2A266C4800C726F4 /* Build configuration list for PBXNativeTarget "DesafioKabumUITests" */;
			buildPhases = (
				302D7B262A266C4700C726F4 /* Sources */,
				302D7B272A266C4700C726F4 /* Frameworks */,
				302D7B282A266C4700C726F4 /* Resources */,
			);
			buildRules = (
			);
			dependencies = (
				302D7B2C2A266C4700C726F4 /* PBXTargetDependency */,
			);
			name = DesafioKabumUITests;
			productName = DesafioKabumUITests;
			productReference = 302D7B2A2A266C4700C726F4 /* DesafioKabumUITests.xctest */;
			productType = "com.apple.product-type.bundle.ui-testing";
		};
/* End PBXNativeTarget section */

/* Begin PBXProject section */
		302D7B022A266C4500C726F4 /* Project object */ = {
			isa = PBXProject;
			attributes = {
				BuildIndependentTargetsInParallel = 1;
				LastSwiftUpdateCheck = 1430;
				LastUpgradeCheck = 1430;
				TargetAttributes = {
					302D7B092A266C4600C726F4 = {
						CreatedOnToolsVersion = 14.3;
					};
					302D7B1F2A266C4700C726F4 = {
						CreatedOnToolsVersion = 14.3;
						TestTargetID = 302D7B092A266C4600C726F4;
					};
					302D7B292A266C4700C726F4 = {
						CreatedOnToolsVersion = 14.3;
						TestTargetID = 302D7B092A266C4600C726F4;
					};
				};
			};
			buildConfigurationList = 302D7B052A266C4500C726F4 /* Build configuration list for PBXProject "DesafioKabum" */;
			compatibilityVersion = "Xcode 14.0";
			developmentRegion = en;
			hasScannedForEncodings = 0;
			knownRegions = (
				en,
				Base,
			);
			mainGroup = 302D7B012A266C4500C726F4;
			productRefGroup = 302D7B0B2A266C4600C726F4 /* Products */;
			projectDirPath = "";
			projectRoot = "";
			targets = (
				302D7B092A266C4600C726F4 /* DesafioKabum */,
				302D7B1F2A266C4700C726F4 /* DesafioKabumTests */,
				302D7B292A266C4700C726F4 /* DesafioKabumUITests */,
			);
		};
/* End PBXProject section */

/* Begin PBXResourcesBuildPhase section */
		302D7B082A266C4600C726F4 /* Resources */ = {
			isa = PBXResourcesBuildPhase;
			buildActionMask = 2147483647;
			files = (
				302D7B1A2A266C4700C726F4 /* LaunchScreen.storyboard in Resources */,
				302D7B482A269BF400C726F4 /* Produto.json in Resources */,
				302D7B172A266C4700C726F4 /* Assets.xcassets in Resources */,
			);
			runOnlyForDeploymentPostprocessing = 0;
		};
		302D7B1E2A266C4700C726F4 /* Resources */ = {
			isa = PBXResourcesBuildPhase;
			buildActionMask = 2147483647;
			files = (
			);
			runOnlyForDeploymentPostprocessing = 0;
		};
		302D7B282A266C4700C726F4 /* Resources */ = {
			isa = PBXResourcesBuildPhase;
			buildActionMask = 2147483647;
			files = (
			);
			runOnlyForDeploymentPostprocessing = 0;
		};
/* End PBXResourcesBuildPhase section */

/* Begin PBXShellScriptBuildPhase section */
		12D5BF7F045F41E7159C23AF /* [CP] Check Pods Manifest.lock */ = {
			isa = PBXShellScriptBuildPhase;
			buildActionMask = 2147483647;
			files = (
			);
			inputFileListPaths = (
			);
			inputPaths = (
				"${PODS_PODFILE_DIR_PATH}/Podfile.lock",
				"${PODS_ROOT}/Manifest.lock",
			);
			name = "[CP] Check Pods Manifest.lock";
			outputFileListPaths = (
			);
			outputPaths = (
				"$(DERIVED_FILE_DIR)/Pods-DesafioKabumTests-checkManifestLockResult.txt",
			);
			runOnlyForDeploymentPostprocessing = 0;
			shellPath = /bin/sh;
			shellScript = "diff \"${PODS_PODFILE_DIR_PATH}/Podfile.lock\" \"${PODS_ROOT}/Manifest.lock\" > /dev/null\nif [ $? != 0 ] ; then\n    # print error to STDERR\n    echo \"error: The sandbox is not in sync with the Podfile.lock. Run 'pod install' or update your CocoaPods installation.\" >&2\n    exit 1\nfi\n# This output is used by Xcode 'outputs' to avoid re-running this script phase.\necho \"SUCCESS\" > \"${SCRIPT_OUTPUT_FILE_0}\"\n";
			showEnvVarsInLog = 0;
		};
		986702E47F93F3597AD2E902 /* [CP] Check Pods Manifest.lock */ = {
			isa = PBXShellScriptBuildPhase;
			buildActionMask = 2147483647;
			files = (
			);
			inputFileListPaths = (
			);
			inputPaths = (
				"${PODS_PODFILE_DIR_PATH}/Podfile.lock",
				"${PODS_ROOT}/Manifest.lock",
			);
			name = "[CP] Check Pods Manifest.lock";
			outputFileListPaths = (
			);
			outputPaths = (
				"$(DERIVED_FILE_DIR)/Pods-DesafioKabum-checkManifestLockResult.txt",
			);
			runOnlyForDeploymentPostprocessing = 0;
			shellPath = /bin/sh;
			shellScript = "diff \"${PODS_PODFILE_DIR_PATH}/Podfile.lock\" \"${PODS_ROOT}/Manifest.lock\" > /dev/null\nif [ $? != 0 ] ; then\n    # print error to STDERR\n    echo \"error: The sandbox is not in sync with the Podfile.lock. Run 'pod install' or update your CocoaPods installation.\" >&2\n    exit 1\nfi\n# This output is used by Xcode 'outputs' to avoid re-running this script phase.\necho \"SUCCESS\" > \"${SCRIPT_OUTPUT_FILE_0}\"\n";
			showEnvVarsInLog = 0;
		};
/* End PBXShellScriptBuildPhase section */

/* Begin PBXSourcesBuildPhase section */
		302D7B062A266C4600C726F4 /* Sources */ = {
			isa = PBXSourcesBuildPhase;
			buildActionMask = 2147483647;
			files = (
				30CFD1092A54899D0018EE86 /* PdfHandler.swift in Sources */,
				302D7B582A26FB7100C726F4 /* ColorHandler.swift in Sources */,
				302D7B5A2A26FBD100C726F4 /* ProductsFlowLayout.swift in Sources */,
				302D7B622A27CEF400C726F4 /* ActivityProtocol.swift in Sources */,
				302D7B462A2690B600C726F4 /* ListCaller.swift in Sources */,
				302D7B5E2A26FD2700C726F4 /* ListCollectionViewDatasource.swift in Sources */,
				302D7B4B2A26A0CF00C726F4 /* ProductModel.swift in Sources */,
				302D7B3E2A268E7000C726F4 /* CallerProtocols.swift in Sources */,
				302D7B122A266C4600C726F4 /* ViewController.swift in Sources */,
				302D7B4D2A26A54000C726F4 /* ProductListModel.swift in Sources */,
				302D7B602A27A16200C726F4 /* IndicatorCollectionFooterView.swift in Sources */,
				30CFD10B2A5490970018EE86 /* PdfPreviewController.swift in Sources */,
				302D7B642A27EED000C726F4 /* CellViewModel.swift in Sources */,
				302D7B0E2A266C4600C726F4 /* AppDelegate.swift in Sources */,
				302D7B552A26FA5100C726F4 /* ProductCollectionCell.swift in Sources */,
				302D7B102A266C4600C726F4 /* SceneDelegate.swift in Sources */,
				302D7B4F2A26F8B200C726F4 /* CellsProtocols.swift in Sources */,
				3086E7852A28354500B95F17 /* ErrorView.swift in Sources */,
			);
			runOnlyForDeploymentPostprocessing = 0;
		};
		302D7B1C2A266C4700C726F4 /* Sources */ = {
			isa = PBXSourcesBuildPhase;
			buildActionMask = 2147483647;
			files = (
				302D7B252A266C4700C726F4 /* DesafioKabumTests.swift in Sources */,
			);
			runOnlyForDeploymentPostprocessing = 0;
		};
		302D7B262A266C4700C726F4 /* Sources */ = {
			isa = PBXSourcesBuildPhase;
			buildActionMask = 2147483647;
			files = (
				302D7B2F2A266C4800C726F4 /* DesafioKabumUITests.swift in Sources */,
				302D7B312A266C4800C726F4 /* DesafioKabumUITestsLaunchTests.swift in Sources */,
			);
			runOnlyForDeploymentPostprocessing = 0;
		};
/* End PBXSourcesBuildPhase section */

/* Begin PBXTargetDependency section */
		302D7B222A266C4700C726F4 /* PBXTargetDependency */ = {
			isa = PBXTargetDependency;
			target = 302D7B092A266C4600C726F4 /* DesafioKabum */;
			targetProxy = 302D7B212A266C4700C726F4 /* PBXContainerItemProxy */;
		};
		302D7B2C2A266C4700C726F4 /* PBXTargetDependency */ = {
			isa = PBXTargetDependency;
			target = 302D7B092A266C4600C726F4 /* DesafioKabum */;
			targetProxy = 302D7B2B2A266C4700C726F4 /* PBXContainerItemProxy */;
		};
/* End PBXTargetDependency section */

/* Begin PBXVariantGroup section */
		302D7B182A266C4700C726F4 /* LaunchScreen.storyboard */ = {
			isa = PBXVariantGroup;
			children = (
				302D7B192A266C4700C726F4 /* Base */,
			);
			name = LaunchScreen.storyboard;
			sourceTree = "<group>";
		};
/* End PBXVariantGroup section */

/* Begin XCBuildConfiguration section */
		302D7B322A266C4800C726F4 /* Debug */ = {
			isa = XCBuildConfiguration;
			buildSettings = {
				ALWAYS_SEARCH_USER_PATHS = NO;
				CLANG_ANALYZER_NONNULL = YES;
				CLANG_ANALYZER_NUMBER_OBJECT_CONVERSION = YES_AGGRESSIVE;
				CLANG_CXX_LANGUAGE_STANDARD = "gnu++20";
				CLANG_ENABLE_MODULES = YES;
				CLANG_ENABLE_OBJC_ARC = YES;
				CLANG_ENABLE_OBJC_WEAK = YES;
				CLANG_WARN_BLOCK_CAPTURE_AUTORELEASING = YES;
				CLANG_WARN_BOOL_CONVERSION = YES;
				CLANG_WARN_COMMA = YES;
				CLANG_WARN_CONSTANT_CONVERSION = YES;
				CLANG_WARN_DEPRECATED_OBJC_IMPLEMENTATIONS = YES;
				CLANG_WARN_DIRECT_OBJC_ISA_USAGE = YES_ERROR;
				CLANG_WARN_DOCUMENTATION_COMMENTS = YES;
				CLANG_WARN_EMPTY_BODY = YES;
				CLANG_WARN_ENUM_CONVERSION = YES;
				CLANG_WARN_INFINITE_RECURSION = YES;
				CLANG_WARN_INT_CONVERSION = YES;
				CLANG_WARN_NON_LITERAL_NULL_CONVERSION = YES;
				CLANG_WARN_OBJC_IMPLICIT_RETAIN_SELF = YES;
				CLANG_WARN_OBJC_LITERAL_CONVERSION = YES;
				CLANG_WARN_OBJC_ROOT_CLASS = YES_ERROR;
				CLANG_WARN_QUOTED_INCLUDE_IN_FRAMEWORK_HEADER = YES;
				CLANG_WARN_RANGE_LOOP_ANALYSIS = YES;
				CLANG_WARN_STRICT_PROTOTYPES = YES;
				CLANG_WARN_SUSPICIOUS_MOVE = YES;
				CLANG_WARN_UNGUARDED_AVAILABILITY = YES_AGGRESSIVE;
				CLANG_WARN_UNREACHABLE_CODE = YES;
				CLANG_WARN__DUPLICATE_METHOD_MATCH = YES;
				COPY_PHASE_STRIP = NO;
				DEBUG_INFORMATION_FORMAT = dwarf;
				ENABLE_STRICT_OBJC_MSGSEND = YES;
				ENABLE_TESTABILITY = YES;
				GCC_C_LANGUAGE_STANDARD = gnu11;
				GCC_DYNAMIC_NO_PIC = NO;
				GCC_NO_COMMON_BLOCKS = YES;
				GCC_OPTIMIZATION_LEVEL = 0;
				GCC_PREPROCESSOR_DEFINITIONS = (
					"DEBUG=1",
					"$(inherited)",
				);
				GCC_WARN_64_TO_32_BIT_CONVERSION = YES;
				GCC_WARN_ABOUT_RETURN_TYPE = YES_ERROR;
				GCC_WARN_UNDECLARED_SELECTOR = YES;
				GCC_WARN_UNINITIALIZED_AUTOS = YES_AGGRESSIVE;
				GCC_WARN_UNUSED_FUNCTION = YES;
				GCC_WARN_UNUSED_VARIABLE = YES;
				IPHONEOS_DEPLOYMENT_TARGET = 16.4;
				MTL_ENABLE_DEBUG_INFO = INCLUDE_SOURCE;
				MTL_FAST_MATH = YES;
				ONLY_ACTIVE_ARCH = YES;
				SDKROOT = iphoneos;
				SWIFT_ACTIVE_COMPILATION_CONDITIONS = DEBUG;
				SWIFT_OPTIMIZATION_LEVEL = "-Onone";
			};
			name = Debug;
		};
		302D7B332A266C4800C726F4 /* Release */ = {
			isa = XCBuildConfiguration;
			buildSettings = {
				ALWAYS_SEARCH_USER_PATHS = NO;
				CLANG_ANALYZER_NONNULL = YES;
				CLANG_ANALYZER_NUMBER_OBJECT_CONVERSION = YES_AGGRESSIVE;
				CLANG_CXX_LANGUAGE_STANDARD = "gnu++20";
				CLANG_ENABLE_MODULES = YES;
				CLANG_ENABLE_OBJC_ARC = YES;
				CLANG_ENABLE_OBJC_WEAK = YES;
				CLANG_WARN_BLOCK_CAPTURE_AUTORELEASING = YES;
				CLANG_WARN_BOOL_CONVERSION = YES;
				CLANG_WARN_COMMA = YES;
				CLANG_WARN_CONSTANT_CONVERSION = YES;
				CLANG_WARN_DEPRECATED_OBJC_IMPLEMENTATIONS = YES;
				CLANG_WARN_DIRECT_OBJC_ISA_USAGE = YES_ERROR;
				CLANG_WARN_DOCUMENTATION_COMMENTS = YES;
				CLANG_WARN_EMPTY_BODY = YES;
				CLANG_WARN_ENUM_CONVERSION = YES;
				CLANG_WARN_INFINITE_RECURSION = YES;
				CLANG_WARN_INT_CONVERSION = YES;
				CLANG_WARN_NON_LITERAL_NULL_CONVERSION = YES;
				CLANG_WARN_OBJC_IMPLICIT_RETAIN_SELF = YES;
				CLANG_WARN_OBJC_LITERAL_CONVERSION = YES;
				CLANG_WARN_OBJC_ROOT_CLASS = YES_ERROR;
				CLANG_WARN_QUOTED_INCLUDE_IN_FRAMEWORK_HEADER = YES;
				CLANG_WARN_RANGE_LOOP_ANALYSIS = YES;
				CLANG_WARN_STRICT_PROTOTYPES = YES;
				CLANG_WARN_SUSPICIOUS_MOVE = YES;
				CLANG_WARN_UNGUARDED_AVAILABILITY = YES_AGGRESSIVE;
				CLANG_WARN_UNREACHABLE_CODE = YES;
				CLANG_WARN__DUPLICATE_METHOD_MATCH = YES;
				COPY_PHASE_STRIP = NO;
				DEBUG_INFORMATION_FORMAT = "dwarf-with-dsym";
				ENABLE_NS_ASSERTIONS = NO;
				ENABLE_STRICT_OBJC_MSGSEND = YES;
				GCC_C_LANGUAGE_STANDARD = gnu11;
				GCC_NO_COMMON_BLOCKS = YES;
				GCC_WARN_64_TO_32_BIT_CONVERSION = YES;
				GCC_WARN_ABOUT_RETURN_TYPE = YES_ERROR;
				GCC_WARN_UNDECLARED_SELECTOR = YES;
				GCC_WARN_UNINITIALIZED_AUTOS = YES_AGGRESSIVE;
				GCC_WARN_UNUSED_FUNCTION = YES;
				GCC_WARN_UNUSED_VARIABLE = YES;
				IPHONEOS_DEPLOYMENT_TARGET = 16.4;
				MTL_ENABLE_DEBUG_INFO = NO;
				MTL_FAST_MATH = YES;
				SDKROOT = iphoneos;
				SWIFT_COMPILATION_MODE = wholemodule;
				SWIFT_OPTIMIZATION_LEVEL = "-O";
				VALIDATE_PRODUCT = YES;
			};
			name = Release;
		};
		302D7B352A266C4800C726F4 /* Debug */ = {
			isa = XCBuildConfiguration;
			baseConfigurationReference = A71EC0252D5F433CE95DB2A4 /* Pods-DesafioKabum.debug.xcconfig */;
			buildSettings = {
				ASSETCATALOG_COMPILER_APPICON_NAME = AppIcon;
				ASSETCATALOG_COMPILER_GLOBAL_ACCENT_COLOR_NAME = AccentColor;
				CODE_SIGN_STYLE = Automatic;
				CURRENT_PROJECT_VERSION = 1;
				DEVELOPMENT_TEAM = X98529GHL3;
				GENERATE_INFOPLIST_FILE = YES;
				INFOPLIST_FILE = DesafioKabum/Info.plist;
				INFOPLIST_KEY_UIApplicationSupportsIndirectInputEvents = YES;
				INFOPLIST_KEY_UILaunchStoryboardName = LaunchScreen;
				INFOPLIST_KEY_UIStatusBarStyle = UIStatusBarStyleLightContent;
				INFOPLIST_KEY_UISupportedInterfaceOrientations_iPad = "UIInterfaceOrientationPortrait UIInterfaceOrientationPortraitUpsideDown UIInterfaceOrientationLandscapeLeft UIInterfaceOrientationLandscapeRight";
				INFOPLIST_KEY_UISupportedInterfaceOrientations_iPhone = "UIInterfaceOrientationPortrait UIInterfaceOrientationLandscapeLeft UIInterfaceOrientationLandscapeRight";
				LD_RUNPATH_SEARCH_PATHS = (
					"$(inherited)",
					"@executable_path/Frameworks",
				);
				MARKETING_VERSION = 1.0;
				PRODUCT_BUNDLE_IDENTIFIER = montanha.DesafioKabum;
				PRODUCT_NAME = "$(TARGET_NAME)";
				SWIFT_EMIT_LOC_STRINGS = YES;
				SWIFT_VERSION = 5.0;
				TARGETED_DEVICE_FAMILY = "1,2";
			};
			name = Debug;
		};
		302D7B362A266C4800C726F4 /* Release */ = {
			isa = XCBuildConfiguration;
			baseConfigurationReference = 5E6466824907B1C9690AC17F /* Pods-DesafioKabum.release.xcconfig */;
			buildSettings = {
				ASSETCATALOG_COMPILER_APPICON_NAME = AppIcon;
				ASSETCATALOG_COMPILER_GLOBAL_ACCENT_COLOR_NAME = AccentColor;
				CODE_SIGN_STYLE = Automatic;
				CURRENT_PROJECT_VERSION = 1;
				DEVELOPMENT_TEAM = X98529GHL3;
				GENERATE_INFOPLIST_FILE = YES;
				INFOPLIST_FILE = DesafioKabum/Info.plist;
				INFOPLIST_KEY_UIApplicationSupportsIndirectInputEvents = YES;
				INFOPLIST_KEY_UILaunchStoryboardName = LaunchScreen;
				INFOPLIST_KEY_UIStatusBarStyle = UIStatusBarStyleLightContent;
				INFOPLIST_KEY_UISupportedInterfaceOrientations_iPad = "UIInterfaceOrientationPortrait UIInterfaceOrientationPortraitUpsideDown UIInterfaceOrientationLandscapeLeft UIInterfaceOrientationLandscapeRight";
				INFOPLIST_KEY_UISupportedInterfaceOrientations_iPhone = "UIInterfaceOrientationPortrait UIInterfaceOrientationLandscapeLeft UIInterfaceOrientationLandscapeRight";
				LD_RUNPATH_SEARCH_PATHS = (
					"$(inherited)",
					"@executable_path/Frameworks",
				);
				MARKETING_VERSION = 1.0;
				PRODUCT_BUNDLE_IDENTIFIER = montanha.DesafioKabum;
				PRODUCT_NAME = "$(TARGET_NAME)";
				SWIFT_EMIT_LOC_STRINGS = YES;
				SWIFT_VERSION = 5.0;
				TARGETED_DEVICE_FAMILY = "1,2";
			};
			name = Release;
		};
		302D7B382A266C4800C726F4 /* Debug */ = {
			isa = XCBuildConfiguration;
			baseConfigurationReference = B1EBC1E201885F89AEDFF83F /* Pods-DesafioKabumTests.debug.xcconfig */;
			buildSettings = {
				ALWAYS_EMBED_SWIFT_STANDARD_LIBRARIES = YES;
				BUNDLE_LOADER = "$(TEST_HOST)";
				CODE_SIGN_STYLE = Automatic;
				CURRENT_PROJECT_VERSION = 1;
				DEVELOPMENT_TEAM = X98529GHL3;
				GENERATE_INFOPLIST_FILE = YES;
				IPHONEOS_DEPLOYMENT_TARGET = 16.4;
				MARKETING_VERSION = 1.0;
				PRODUCT_BUNDLE_IDENTIFIER = montanha.DesafioKabumTests;
				PRODUCT_NAME = "$(TARGET_NAME)";
				SWIFT_EMIT_LOC_STRINGS = NO;
				SWIFT_VERSION = 5.0;
				TARGETED_DEVICE_FAMILY = "1,2";
				TEST_HOST = "$(BUILT_PRODUCTS_DIR)/DesafioKabum.app/$(BUNDLE_EXECUTABLE_FOLDER_PATH)/DesafioKabum";
			};
			name = Debug;
		};
		302D7B392A266C4800C726F4 /* Release */ = {
			isa = XCBuildConfiguration;
			baseConfigurationReference = 22BCB7B22659CF4FBEB87533 /* Pods-DesafioKabumTests.release.xcconfig */;
			buildSettings = {
				ALWAYS_EMBED_SWIFT_STANDARD_LIBRARIES = YES;
				BUNDLE_LOADER = "$(TEST_HOST)";
				CODE_SIGN_STYLE = Automatic;
				CURRENT_PROJECT_VERSION = 1;
				DEVELOPMENT_TEAM = X98529GHL3;
				GENERATE_INFOPLIST_FILE = YES;
				IPHONEOS_DEPLOYMENT_TARGET = 16.4;
				MARKETING_VERSION = 1.0;
				PRODUCT_BUNDLE_IDENTIFIER = montanha.DesafioKabumTests;
				PRODUCT_NAME = "$(TARGET_NAME)";
				SWIFT_EMIT_LOC_STRINGS = NO;
				SWIFT_VERSION = 5.0;
				TARGETED_DEVICE_FAMILY = "1,2";
				TEST_HOST = "$(BUILT_PRODUCTS_DIR)/DesafioKabum.app/$(BUNDLE_EXECUTABLE_FOLDER_PATH)/DesafioKabum";
			};
			name = Release;
		};
		302D7B3B2A266C4800C726F4 /* Debug */ = {
			isa = XCBuildConfiguration;
			buildSettings = {
				ALWAYS_EMBED_SWIFT_STANDARD_LIBRARIES = YES;
				CODE_SIGN_STYLE = Automatic;
				CURRENT_PROJECT_VERSION = 1;
				DEVELOPMENT_TEAM = X98529GHL3;
				GENERATE_INFOPLIST_FILE = YES;
				MARKETING_VERSION = 1.0;
				PRODUCT_BUNDLE_IDENTIFIER = montanha.DesafioKabumUITests;
				PRODUCT_NAME = "$(TARGET_NAME)";
				SWIFT_EMIT_LOC_STRINGS = NO;
				SWIFT_VERSION = 5.0;
				TARGETED_DEVICE_FAMILY = "1,2";
				TEST_TARGET_NAME = DesafioKabum;
			};
			name = Debug;
		};
		302D7B3C2A266C4800C726F4 /* Release */ = {
			isa = XCBuildConfiguration;
			buildSettings = {
				ALWAYS_EMBED_SWIFT_STANDARD_LIBRARIES = YES;
				CODE_SIGN_STYLE = Automatic;
				CURRENT_PROJECT_VERSION = 1;
				DEVELOPMENT_TEAM = X98529GHL3;
				GENERATE_INFOPLIST_FILE = YES;
				MARKETING_VERSION = 1.0;
				PRODUCT_BUNDLE_IDENTIFIER = montanha.DesafioKabumUITests;
				PRODUCT_NAME = "$(TARGET_NAME)";
				SWIFT_EMIT_LOC_STRINGS = NO;
				SWIFT_VERSION = 5.0;
				TARGETED_DEVICE_FAMILY = "1,2";
				TEST_TARGET_NAME = DesafioKabum;
			};
			name = Release;
		};
/* End XCBuildConfiguration section */

/* Begin XCConfigurationList section */
		302D7B052A266C4500C726F4 /* Build configuration list for PBXProject "DesafioKabum" */ = {
			isa = XCConfigurationList;
			buildConfigurations = (
				302D7B322A266C4800C726F4 /* Debug */,
				302D7B332A266C4800C726F4 /* Release */,
			);
			defaultConfigurationIsVisible = 0;
			defaultConfigurationName = Release;
		};
		302D7B342A266C4800C726F4 /* Build configuration list for PBXNativeTarget "DesafioKabum" */ = {
			isa = XCConfigurationList;
			buildConfigurations = (
				302D7B352A266C4800C726F4 /* Debug */,
				302D7B362A266C4800C726F4 /* Release */,
			);
			defaultConfigurationIsVisible = 0;
			defaultConfigurationName = Release;
		};
		302D7B372A266C4800C726F4 /* Build configuration list for PBXNativeTarget "DesafioKabumTests" */ = {
			isa = XCConfigurationList;
			buildConfigurations = (
				302D7B382A266C4800C726F4 /* Debug */,
				302D7B392A266C4800C726F4 /* Release */,
			);
			defaultConfigurationIsVisible = 0;
			defaultConfigurationName = Release;
		};
		302D7B3A2A266C4800C726F4 /* Build configuration list for PBXNativeTarget "DesafioKabumUITests" */ = {
			isa = XCConfigurationList;
			buildConfigurations = (
				302D7B3B2A266C4800C726F4 /* Debug */,
				302D7B3C2A266C4800C726F4 /* Release */,
			);
			defaultConfigurationIsVisible = 0;
			defaultConfigurationName = Release;
		};
/* End XCConfigurationList section */
	};
	rootObject = 302D7B022A266C4500C726F4 /* Project object */;
}
